# THIS IS AN AUTOGENERATED FILE. DO NOT EDIT THIS FILE DIRECTLY.
# yarn lockfile v1


"@hono/node-server@^1.9.0":
  version "1.9.0"
  resolved "https://registry.yarnpkg.com/@hono/node-server/-/node-server-1.9.0.tgz#b3f0fb41e40bbc46c9e940f43d6c917455eaeb59"
  integrity sha512-oJjk7WXBlENeHhWiMqSyxPIZ3Kmf5ZYxqdlcSIXyN8Rn50bNJsPl99G4POBS03Jxh56FdfRJ0SEnC8mAVIiavQ==

hono@^4.1.4:
  version "4.1.4"
  resolved "https://registry.yarnpkg.com/hono/-/hono-4.1.4.tgz#f2b8746e3d0882282d65c333d6a4e921b772cdf2"
  integrity sha512-JcdAKRBHjWO5OEkEW6Lv5NUr4QLl4InshCIUnHwGY7hymCxmV1Ji/eAAr1hclQixWc3I7ZljMHXwIedNWRAcqA==
